{
  "requires": true,
  "lockfileVersion": 1,
  "dependencies": {
    "vee-validate": {
      "version": "4.0.6",
      "resolved": "https://registry.npmjs.org/vee-validate/-/vee-validate-4.0.6.tgz",
      "integrity": "sha512-OydwNbwHEH6dOrZ3yloy5ihp2lPiBvnjnFvtW3eMq8oSMksY53IJ6rYDgSbwX9tFF4sUXQ1S+rwRqyF/3CU6Gw=="
    }
  }
}
